
Microsoft Visual Studio Solution File, Format Version 12.00
# Visual Studio Version 16
VisualStudioVersion = 16.0.29709.97
MinimumVisualStudioVersion = 10.0.40219.1
Project("{FAE04EC0-301F-11D3-BF4B-00C04F79EFBC}") = "CSGIGServer", "CSGIGServer\CSGIGServer.csproj", "{394DBE90-DF95-4464-AE49-23BD90D52D1B}"
EndProject
Global
	GlobalSection(SolutionConfigurationPlatforms) = preSolution
		Debug|Any CPU = Debug|Any CPU
		Release|Any CPU = Release|Any CPU
	EndGlobalSection
	GlobalSection(ProjectConfigurationPlatforms) = postSolution
		{394DBE90-DF95-4464-AE49-23BD90D52D1B}.Debug|Any CPU.ActiveCfg = Debug|Any CPU
		{394DBE90-DF95-4464-AE49-23BD90D52D1B}.Debug|Any CPU.Build.0 = Debug|Any CPU
		{394DBE90-DF95-4464-AE49-23BD90D52D1B}.Release|Any CPU.ActiveCfg = Release|Any CPU
		{394DBE90-DF95-4464-AE49-23BD90D52D1B}.Release|Any CPU.Build.0 = Release|Any CPU
	EndGlobalSection
	GlobalSection(SolutionProperties) = preSolution
		HideSolutionNode = FALSE
	EndGlobalSection
	GlobalSection(ExtensibilityGlobals) = postSolution
		SolutionGuid = {69355F77-869E-454F-A25C-DC3457431845}
	EndGlobalSection
EndGlobal
